{
  "requires": true,
  "lockfileVersion": 1,
  "dependencies": {
    "@date-io/core": {
      "version": "2.2.0",
      "resolved": "https://registry.npmjs.org/@date-io/core/-/core-2.2.0.tgz",
      "integrity": "sha512-QM0ESKqAtuz8kNz53XYJFLZtceVp1V1cbhqdIDMveB0wSfDfBk8m5iT0GkHv5RIs+p6PXVd3zkeqz/qD4UzdPw=="
    },
    "@date-io/date-fns": {
      "version": "2.2.0",
      "resolved": "https://registry.npmjs.org/@date-io/date-fns/-/date-fns-2.2.0.tgz",
      "integrity": "sha512-69+fw/RfOT8PwJrfR6xMzn0gewkFOBEgO/j4o2xiI/u4jw4mX26H5o8W43arzLTmIHQ8bg64sjci0M00QOpWAg==",
      "requires": {
        "@date-io/core": "^2.2.0"
      }
    },
    "date-fns": {
      "version": "2.0.0-beta.5",
      "resolved": "https://registry.npmjs.org/date-fns/-/date-fns-2.0.0-beta.5.tgz",
      "integrity": "sha512-GS5yi964NDFNoja9yOdWFj9T97T67yLrUeJZgddHaVfc/6tHWtX7RXocuubmZkNzrZUZ9BqBOW7jTR5OoWjJ1w=="
    },
    "react-infinite-scroll-component": {
      "version": "5.0.4",
      "resolved": "https://registry.npmjs.org/react-infinite-scroll-component/-/react-infinite-scroll-component-5.0.4.tgz",
      "integrity": "sha512-wl6MXreH57z6X6uILpRbvt2iaETZDX4HdnHaPy0vp9fVQ01ALM+zvFrG2xk2nsxynXxob2IEFan9eI1CDV2V0A==",
      "requires": {
        "throttle-debounce": "^2.1.0"
      }
    },
    "throttle-debounce": {
      "version": "2.1.0",
      "resolved": "https://registry.npmjs.org/throttle-debounce/-/throttle-debounce-2.1.0.tgz",
      "integrity": "sha512-AOvyNahXQuU7NN+VVvOOX+uW6FPaWdAOdRP5HfwYxAfCzXTFKRMoIMk+n+po318+ktcChx+F1Dd91G3YHeMKyg=="
    }
  }
}
